
Microsoft Visual Studio Solution File, Format Version 12.00
# Visual Studio Version 16
VisualStudioVersion = 16.0.31729.503
MinimumVisualStudioVersion = 10.0.40219.1
Project("{9A19103F-16F7-4668-BE54-9A1E7A4F7556}") = "ToDoWeb", "ToDoWeb\ToDoWeb.csproj", "{C3E8E20F-3944-4F1C-9E41-8ADA9A74EA99}"
EndProject
Project("{9A19103F-16F7-4668-BE54-9A1E7A4F7556}") = "ToDoFeedFunc", "ToDoFeedFunc\ToDoFeedFunc.csproj", "{2E7214B2-246A-4AF4-857C-BE9DF6DC72B8}"
EndProject
Project("{FAE04EC0-301F-11D3-BF4B-00C04F79EFBC}") = "ToDoHttpFunc", "ToDoHttpFunc\ToDoHttpFunc.csproj", "{0BF5D4FE-EC25-4B86-AD58-405477D70D29}"
EndProject
Project("{FAE04EC0-301F-11D3-BF4B-00C04F79EFBC}") = "Model", "Model\Model.csproj", "{CA4CD028-CC95-4C4C-BB0F-9EBC331F7462}"
EndProject
Project("{FAE04EC0-301F-11D3-BF4B-00C04F79EFBC}") = "ContainerManager", "ContainerManager\ContainerManager.csproj", "{535FFD88-B80F-46F4-8315-3D7AC655C780}"
EndProject
Global
	GlobalSection(SolutionConfigurationPlatforms) = preSolution
		Debug|Any CPU = Debug|Any CPU
		Release|Any CPU = Release|Any CPU
	EndGlobalSection
	GlobalSection(ProjectConfigurationPlatforms) = postSolution
		{C3E8E20F-3944-4F1C-9E41-8ADA9A74EA99}.Debug|Any CPU.ActiveCfg = Debug|Any CPU
		{C3E8E20F-3944-4F1C-9E41-8ADA9A74EA99}.Debug|Any CPU.Build.0 = Debug|Any CPU
		{C3E8E20F-3944-4F1C-9E41-8ADA9A74EA99}.Release|Any CPU.ActiveCfg = Release|Any CPU
		{C3E8E20F-3944-4F1C-9E41-8ADA9A74EA99}.Release|Any CPU.Build.0 = Release|Any CPU
		{2E7214B2-246A-4AF4-857C-BE9DF6DC72B8}.Debug|Any CPU.ActiveCfg = Debug|Any CPU
		{2E7214B2-246A-4AF4-857C-BE9DF6DC72B8}.Debug|Any CPU.Build.0 = Debug|Any CPU
		{2E7214B2-246A-4AF4-857C-BE9DF6DC72B8}.Release|Any CPU.ActiveCfg = Release|Any CPU
		{2E7214B2-246A-4AF4-857C-BE9DF6DC72B8}.Release|Any CPU.Build.0 = Release|Any CPU
		{0BF5D4FE-EC25-4B86-AD58-405477D70D29}.Debug|Any CPU.ActiveCfg = Debug|Any CPU
		{0BF5D4FE-EC25-4B86-AD58-405477D70D29}.Debug|Any CPU.Build.0 = Debug|Any CPU
		{0BF5D4FE-EC25-4B86-AD58-405477D70D29}.Release|Any CPU.ActiveCfg = Release|Any CPU
		{0BF5D4FE-EC25-4B86-AD58-405477D70D29}.Release|Any CPU.Build.0 = Release|Any CPU
		{CA4CD028-CC95-4C4C-BB0F-9EBC331F7462}.Debug|Any CPU.ActiveCfg = Debug|Any CPU
		{CA4CD028-CC95-4C4C-BB0F-9EBC331F7462}.Debug|Any CPU.Build.0 = Debug|Any CPU
		{CA4CD028-CC95-4C4C-BB0F-9EBC331F7462}.Release|Any CPU.ActiveCfg = Release|Any CPU
		{CA4CD028-CC95-4C4C-BB0F-9EBC331F7462}.Release|Any CPU.Build.0 = Release|Any CPU
		{535FFD88-B80F-46F4-8315-3D7AC655C780}.Debug|Any CPU.ActiveCfg = Debug|Any CPU
		{535FFD88-B80F-46F4-8315-3D7AC655C780}.Debug|Any CPU.Build.0 = Debug|Any CPU
		{535FFD88-B80F-46F4-8315-3D7AC655C780}.Release|Any CPU.ActiveCfg = Release|Any CPU
		{535FFD88-B80F-46F4-8315-3D7AC655C780}.Release|Any CPU.Build.0 = Release|Any CPU
	EndGlobalSection
	GlobalSection(SolutionProperties) = preSolution
		HideSolutionNode = FALSE
	EndGlobalSection
	GlobalSection(ExtensibilityGlobals) = postSolution
		SolutionGuid = {6D50B245-4340-4676-ADA1-84C8DC04FC0C}
	EndGlobalSection
EndGlobal
